# This file is automatically @generated by Cargo.
# It is not intended for manual editing.
version = 3

[[package]]
name = "aoc-da9"
version = "0.1.0"

[[package]]
name = "aoc-day1"
version = "0.1.0"

[[package]]
name = "aoc-day10"
version = "0.1.0"

[[package]]
name = "aoc-day11"
version = "0.1.0"

[[package]]
name = "aoc-day12"
version = "0.1.0"

[[package]]
name = "aoc-day13"
version = "0.1.0"

[[package]]
name = "aoc-day14"
version = "0.1.0"

[[package]]
name = "aoc-day15"
version = "0.1.0"

[[package]]
name = "aoc-day16"
version = "0.1.0"

[[package]]
name = "aoc-day17"
version = "0.1.0"

[[package]]
name = "aoc-day18"
version = "0.1.0"

[[package]]
name = "aoc-day2"
version = "0.1.0"

[[package]]
name = "aoc-day3"
version = "0.1.0"

[[package]]
name = "aoc-day4"
version = "0.1.0"

[[package]]
name = "aoc-day5"
version = "0.1.0"

[[package]]
name = "aoc-day6"
version = "0.1.0"

[[package]]
name = "aoc-day7"
version = "0.1.0"

[[package]]
name = "aoc-day8"
version = "0.1.0"

[[package]]
name = "aoc-dayT"
version = "0.1.0"
